
Microsoft Visual Studio Solution File, Format Version 12.00
# Visual Studio 2012
Project("{FAE04EC0-301F-11D3-BF4B-00C04F79EFBC}") = "Test1", "Test1\Test1.csproj", "{D4888417-E596-475E-93A5-9060E8BFCAF7}"
EndProject
Global
	GlobalSection(SolutionConfigurationPlatforms) = preSolution
		Debug|Any CPU = Debug|Any CPU
		Release|Any CPU = Release|Any CPU
	EndGlobalSection
	GlobalSection(ProjectConfigurationPlatforms) = postSolution
		{D4888417-E596-475E-93A5-9060E8BFCAF7}.Debug|Any CPU.ActiveCfg = Debug|Any CPU
		{D4888417-E596-475E-93A5-9060E8BFCAF7}.Debug|Any CPU.Build.0 = Debug|Any CPU
		{D4888417-E596-475E-93A5-9060E8BFCAF7}.Release|Any CPU.ActiveCfg = Release|Any CPU
		{D4888417-E596-475E-93A5-9060E8BFCAF7}.Release|Any CPU.Build.0 = Release|Any CPU
	EndGlobalSection
EndGlobal
